
Microsoft Visual Studio Solution File, Format Version 12.00
# Visual Studio Version 17
VisualStudioVersion = 17.4.33213.308
MinimumVisualStudioVersion = 10.0.40219.1
Project("{9A19103F-16F7-4668-BE54-9A1E7A4F7556}") = "KursayinCalculator", "KursayinCalculator\KursayinCalculator.csproj", "{1E4562D2-FF7E-420B-87DA-32D7FE4D4095}"
EndProject
Global
	GlobalSection(SolutionConfigurationPlatforms) = preSolution
		Debug|Any CPU = Debug|Any CPU
		Release|Any CPU = Release|Any CPU
	EndGlobalSection
	GlobalSection(ProjectConfigurationPlatforms) = postSolution
		{1E4562D2-FF7E-420B-87DA-32D7FE4D4095}.Debug|Any CPU.ActiveCfg = Debug|Any CPU
		{1E4562D2-FF7E-420B-87DA-32D7FE4D4095}.Debug|Any CPU.Build.0 = Debug|Any CPU
		{1E4562D2-FF7E-420B-87DA-32D7FE4D4095}.Debug|Any CPU.Deploy.0 = Debug|Any CPU
		{1E4562D2-FF7E-420B-87DA-32D7FE4D4095}.Release|Any CPU.ActiveCfg = Release|Any CPU
		{1E4562D2-FF7E-420B-87DA-32D7FE4D4095}.Release|Any CPU.Build.0 = Release|Any CPU
	EndGlobalSection
	GlobalSection(SolutionProperties) = preSolution
		HideSolutionNode = FALSE
	EndGlobalSection
	GlobalSection(ExtensibilityGlobals) = postSolution
		SolutionGuid = {C5C412B6-B621-4F06-8EE0-95229605A193}
	EndGlobalSection
EndGlobal
